{
  "name": "cf-nodejs-sample-app",
  "version": "1.0.0",
  "lockfileVersion": 3,
  "requires": true,
  "packages": {
    "": {
      "name": "cf-nodejs-sample-app",
      "version": "1.0.0",
      "license": "ISC",
      "dependencies": {
        "dd-trace": "^5.0.0",
        "hot-shots": "^10.0.0"
      }
    },
    "node_modules/@datadog/flagging-core": {
      "version": "1.1.0",
      "resolved": "https://registry.npmjs.org/@datadog/flagging-core/-/flagging-core-1.1.0.tgz",
      "integrity": "sha512-m2BSEmdSd4P5c/l+4C2L32vnnhwr0bF3qnM2Uz0NhWbUxX4SjpUHbb7GPq8bjr0rfZJZefQ7zQjN/cjE+bb7pg==",
      "license": "Apache-2.0",
      "optional": true,
      "dependencies": {
        "spark-md5": "^3.0.2"
      }
    },
    "node_modules/@datadog/libdatadog": {
      "version": "0.8.1",
      "resolved": "https://registry.npmjs.org/@datadog/libdatadog/-/libdatadog-0.8.1.tgz",
      "integrity": "sha512-WeWPw24cVRmEWfRRw3+h4k7f8mf9vbWEq6MYg1eOd+FycG7q4LaV8/uKROWoKFoD6ScoNvZXxOjKHW3AdYgM+A==",
      "license": "Apache-2.0",
      "optional": true
    },
    "node_modules/@datadog/native-appsec": {
      "version": "11.0.1",
      "resolved": "https://registry.npmjs.org/@datadog/native-appsec/-/native-appsec-11.0.1.tgz",
      "integrity": "sha512-Y/XfknUmmJcw4hhQVhqzgdQvfjy+EGmXuUBgtVkI1r+/qS00egYu+wD/x7pOvjdbZNqN96znVszAnXvDQAzMDQ==",
      "hasInstallScript": true,
      "license": "Apache-2.0",
      "optional": true,
      "dependencies": {
        "node-gyp-build": "^3.9.0"
      },
      "engines": {
        "node": ">=16"
      }
    },
    "node_modules/@datadog/native-iast-taint-tracking": {
      "version": "4.1.0",
      "resolved": "https://registry.npmjs.org/@datadog/native-iast-taint-tracking/-/native-iast-taint-tracking-4.1.0.tgz",
      "integrity": "sha512-g9K9Ddx1YQfrQIC2hgtfnYUGuzAFvSvhvt2lPZOAWBPo+bkYoW5KEkMHoY5XykCigTfXBYcQicRV0xB22AMkHw==",
      "hasInstallScript": true,
      "license": "Apache-2.0",
      "optional": true,
      "dependencies": {
        "node-gyp-build": "^3.9.0"
      }
    },
    "node_modules/@datadog/native-metrics": {
      "version": "3.1.1",
      "resolved": "https://registry.npmjs.org/@datadog/native-metrics/-/native-metrics-3.1.1.tgz",
      "integrity": "sha512-MU1gHrolwryrU4X9g+fylA1KPH3S46oqJPEtVyrO+3Kh29z80fegmtyrU22bNt8LigPUK/EdPCnSbMe88QbnxQ==",
      "hasInstallScript": true,
      "license": "Apache-2.0",
      "optional": true,
      "dependencies": {
        "node-addon-api": "^6.1.0",
        "node-gyp-build": "^3.9.0"
      },
      "engines": {
        "node": ">=16"
      }
    },
    "node_modules/@datadog/openfeature-node-server": {
      "version": "1.1.0",
      "resolved": "https://registry.npmjs.org/@datadog/openfeature-node-server/-/openfeature-node-server-1.1.0.tgz",
      "integrity": "sha512-Qy5sz6vGq3KekoRLw9zko7LsDd97MPjJSnYl7jUq7bMST5p0aFFh/MnILn9/B1UC7RZJ6Kj5F2U0hxqmAWz2dw==",
      "license": "Apache-2.0",
      "optional": true,
      "dependencies": {
        "@datadog/flagging-core": "1.1.0"
      },
      "engines": {
        "node": ">=18.0.0"
      },
      "peerDependencies": {
        "@openfeature/server-sdk": ">=1.15.0 <2.0.0"
      },
      "peerDependenciesMeta": {
        "@openfeature/server-sdk": {
          "optional": true
        }
      }
    },
    "node_modules/@datadog/pprof": {
      "version": "5.13.4",
      "resolved": "https://registry.npmjs.org/@datadog/pprof/-/pprof-5.13.4.tgz",
      "integrity": "sha512-tX9ntTBh/pGFzZJ/dOkiZrtQ1pLMyX6liGyB5E7MpSQAXcCPj4Fh9yvZtqkKepwQn/0RWayCtZbwM3ikbh+c4w==",
      "hasInstallScript": true,
      "license": "Apache-2.0",
      "optional": true,
      "dependencies": {
        "delay": "^5.0.0",
        "node-gyp-build": "<4.0",
        "p-limit": "^3.1.0",
        "pprof-format": "^2.2.1",
        "source-map": "^0.7.4"
      },
      "engines": {
        "node": ">=16"
      }
    },
    "node_modules/@datadog/wasm-js-rewriter": {
      "version": "5.0.1",
      "resolved": "https://registry.npmjs.org/@datadog/wasm-js-rewriter/-/wasm-js-rewriter-5.0.1.tgz",
      "integrity": "sha512-EzbV3Lrdt3udQEsbDOVC5gB1y7yxfpBbrSIk4jaEsGjyj0Dbv2HGj7tZjs+qXzIzNonHc8h5El2bYZOGfC2wwg==",
      "license": "Apache-2.0",
      "optional": true,
      "dependencies": {
        "js-yaml": "^4.1.0",
        "lru-cache": "^7.14.0",
        "module-details-from-path": "^1.0.3",
        "node-gyp-build": "^4.5.0"
      },
      "engines": {
        "node": ">= 10"
      }
    },
    "node_modules/@datadog/wasm-js-rewriter/node_modules/node-gyp-build": {
      "version": "4.8.4",
      "resolved": "https://registry.npmjs.org/node-gyp-build/-/node-gyp-build-4.8.4.tgz",
      "integrity": "sha512-LA4ZjwlnUblHVgq0oBF3Jl/6h/Nvs5fzBLwdEF4nuxnFdsfajde4WfxtJr3CaiH+F6ewcIB/q4jQ4UzPyid+CQ==",
      "license": "MIT",
      "optional": true,
      "bin": {
        "node-gyp-build": "bin.js",
        "node-gyp-build-optional": "optional.js",
        "node-gyp-build-test": "build-test.js"
      }
    },
    "node_modules/@emnapi/core": {
      "version": "1.8.1",
      "resolved": "https://registry.npmjs.org/@emnapi/core/-/core-1.8.1.tgz",
      "integrity": "sha512-AvT9QFpxK0Zd8J0jopedNm+w/2fIzvtPKPjqyw9jwvBaReTTqPBk9Hixaz7KbjimP+QNz605/XnjFcDAL2pqBg==",
      "license": "MIT",
      "optional": true,
      "dependencies": {
        "@emnapi/wasi-threads": "1.1.0",
        "tslib": "^2.4.0"
      }
    },
    "node_modules/@emnapi/runtime": {
      "version": "1.8.1",
      "resolved": "https://registry.npmjs.org/@emnapi/runtime/-/runtime-1.8.1.tgz",
      "integrity": "sha512-mehfKSMWjjNol8659Z8KxEMrdSJDDot5SXMq00dM8BN4o+CLNXQ0xH2V7EchNHV4RmbZLmmPdEaXZc5H2FXmDg==",
      "license": "MIT",
      "optional": true,
      "dependencies": {
        "tslib": "^2.4.0"
      }
    },
    "node_modules/@emnapi/wasi-threads": {
      "version": "1.1.0",
      "resolved": "https://registry.npmjs.org/@emnapi/wasi-threads/-/wasi-threads-1.1.0.tgz",
      "integrity": "sha512-WI0DdZ8xFSbgMjR1sFsKABJ/C5OnRrjT06JXbZKexJGrDuPTzZdDYfFlsgcCXCyf+suG5QU2e/y1Wo2V/OapLQ==",
      "license": "MIT",
      "optional": true,
      "dependencies": {
        "tslib": "^2.4.0"
      }
    },
    "node_modules/@napi-rs/wasm-runtime": {
      "version": "1.1.1",
      "resolved": "https://registry.npmjs.org/@napi-rs/wasm-runtime/-/wasm-runtime-1.1.1.tgz",
      "integrity": "sha512-p64ah1M1ld8xjWv3qbvFwHiFVWrq1yFvV4f7w+mzaqiR4IlSgkqhcRdHwsGgomwzBH51sRY4NEowLxnaBjcW/A==",
      "license": "MIT",
      "optional": true,
      "dependencies": {
        "@emnapi/core": "^1.7.1",
        "@emnapi/runtime": "^1.7.1",
        "@tybys/wasm-util": "^0.10.1"
      },
      "funding": {
        "type": "github",
        "url": "https://github.com/sponsors/Brooooooklyn"
      }
    },
    "node_modules/@opentelemetry/api": {
      "version": "1.9.0",
      "resolved": "https://registry.npmjs.org/@opentelemetry/api/-/api-1.9.0.tgz",
      "integrity": "sha512-3giAOQvZiH5F9bMlMiv8+GSPMeqg0dbaeo58/0SlA9sxSqZhnUtxzX9/2FzyhS9sWQf5S0GJE0AKBrFqjpeYcg==",
      "license": "Apache-2.0",
      "optional": true,
      "engines": {
        "node": ">=8.0.0"
      }
    },
    "node_modules/@opentelemetry/api-logs": {
      "version": "0.213.0",
      "resolved": "https://registry.npmjs.org/@opentelemetry/api-logs/-/api-logs-0.213.0.tgz",
      "integrity": "sha512-zRM5/Qj6G84Ej3F1yt33xBVY/3tnMxtL1fiDIxYbDWYaZ/eudVw3/PBiZ8G7JwUxXxjW8gU4g6LnOyfGKYHYgw==",
      "license": "Apache-2.0",
      "optional": true,
      "dependencies": {
        "@opentelemetry/api": "^1.3.0"
      },
      "engines": {
        "node": ">=8.0.0"
      }
    },
    "node_modules/@oxc-parser/binding-android-arm-eabi": {
      "version": "0.115.0",
      "resolved": "https://registry.npmjs.org/@oxc-parser/binding-android-arm-eabi/-/binding-android-arm-eabi-0.115.0.tgz",
      "integrity": "sha512-VoB2rhgoqgYf64d6Qs5emONQW8ASiTc0xp+aUE4JUhxjX+0pE3gblTYDO0upcN5vt9UlBNmUhAwfSifkfre7nw==",
      "cpu": [
        "arm"
      ],
      "license": "MIT",
      "optional": true,
      "os": [
        "android"
      ],
      "engines": {
        "node": "^20.19.0 || >=22.12.0"
      }
    },
    "node_modules/@oxc-parser/binding-android-arm64": {
      "version": "0.115.0",
      "resolved": "https://registry.npmjs.org/@oxc-parser/binding-android-arm64/-/binding-android-arm64-0.115.0.tgz",
      "integrity": "sha512-lWRX75u+gqfB4TF3pWCHuvhaeneAmRl2b2qNBcl4S6yJ0HtnT4VXOMEZrq747i4Zby1ZTxj6mtOe678Bg8gRLw==",
      "cpu": [
        "arm64"
      ],
      "license": "MIT",
      "optional": true,
      "os": [
        "android"
      ],
      "engines": {
        "node": "^20.19.0 || >=22.12.0"
      }
    },
    "node_modules/@oxc-parser/binding-darwin-arm64": {
      "version": "0.115.0",
      "resolved": "https://registry.npmjs.org/@oxc-parser/binding-darwin-arm64/-/binding-darwin-arm64-0.115.0.tgz",
      "integrity": "sha512-ii/oOZjfGY1aszXTy29Z5DRyCEnBOrAXDVCvfdfXFQsOZlbbOa7NMHD7D+06YFe5qdxfmbWAYv4yn6QJi/0d2g==",
      "cpu": [
        "arm64"
      ],
      "license": "MIT",
      "optional": true,
      "os": [
        "darwin"
      ],
      "engines": {
        "node": "^20.19.0 || >=22.12.0"
      }
    },
    "node_modules/@oxc-parser/binding-darwin-x64": {
      "version": "0.115.0",
      "resolved": "https://registry.npmjs.org/@oxc-parser/binding-darwin-x64/-/binding-darwin-x64-0.115.0.tgz",
      "integrity": "sha512-R/sW/p8l77wglbjpMcF+h/3rWbp9zk1mRP3U14mxTYIC2k3m+aLBpXXgk2zksqf9qKk5mcc4GIYsuCn9l8TgDg==",
      "cpu": [
        "x64"
      ],
      "license": "MIT",
      "optional": true,
      "os": [
        "darwin"
      ],
      "engines": {
        "node": "^20.19.0 || >=22.12.0"
      }
    },
    "node_modules/@oxc-parser/binding-freebsd-x64": {
      "version": "0.115.0",
      "resolved": "https://registry.npmjs.org/@oxc-parser/binding-freebsd-x64/-/binding-freebsd-x64-0.115.0.tgz",
      "integrity": "sha512-CSJ5ldNm9wIGGkhaIJeGmxRMZbgxThRN+X1ufYQQUNi5jZDV/U3C2QDMywpP93fczNBj961hXtcUPO/oVGq4Pw==",
      "cpu": [
        "x64"
      ],
      "license": "MIT",
      "optional": true,
      "os": [
        "freebsd"
      ],
      "engines": {
        "node": "^20.19.0 || >=22.12.0"
      }
    },
    "node_modules/@oxc-parser/binding-linux-arm-gnueabihf": {
      "version": "0.115.0",
      "resolved": "https://registry.npmjs.org/@oxc-parser/binding-linux-arm-gnueabihf/-/binding-linux-arm-gnueabihf-0.115.0.tgz",
      "integrity": "sha512-uWFwssE5dHfQ8lH+ktrsD9JA49+Qa0gtxZHUs62z1e91NgGz6O7jefHGI6aygNyKNS45pnnBSDSP/zV977MsOQ==",
      "cpu": [
        "arm"
      ],
      "license": "MIT",
      "optional": true,
      "os": [
        "linux"
      ],
      "engines": {
        "node": "^20.19.0 || >=22.12.0"
      }
    },
    "node_modules/@oxc-parser/binding-linux-arm-musleabihf": {
      "version": "0.115.0",
      "resolved": "https://registry.npmjs.org/@oxc-parser/binding-linux-arm-musleabihf/-/binding-linux-arm-musleabihf-0.115.0.tgz",
      "integrity": "sha512-fZbqt8y/sKQ+v6bBCuv/mYYFoC0+fZI3mGDDEemmDOhT78+aUs2+4ZMdbd2btlXmnLaScl37r8IRbhnok5Ka9w==",
      "cpu": [
        "arm"
      ],
      "license": "MIT",
      "optional": true,
      "os": [
        "linux"
      ],
      "engines": {
        "node": "^20.19.0 || >=22.12.0"
      }
    },
    "node_modules/@oxc-parser/binding-linux-arm64-gnu": {
      "version": "0.115.0",
      "resolved": "https://registry.npmjs.org/@oxc-parser/binding-linux-arm64-gnu/-/binding-linux-arm64-gnu-0.115.0.tgz",
      "integrity": "sha512-1ej/MjuTY9tJEunU/hUPIFmgH5PqgMQoRjNOvOkibtJ3Zqlw/+Lc+HGHDNET8sjbgIkWzdhX+p4J96A5CPdbag==",
      "cpu": [
        "arm64"
      ],
      "license": "MIT",
      "optional": true,
      "os": [
        "linux"
      ],
      "engines": {
        "node": "^20.19.0 || >=22.12.0"
      }
    },
    "node_modules/@oxc-parser/binding-linux-arm64-musl": {
      "version": "0.115.0",
      "resolved": "https://registry.npmjs.org/@oxc-parser/binding-linux-arm64-musl/-/binding-linux-arm64-musl-0.115.0.tgz",
      "integrity": "sha512-HjsZbJPH9mMd4swJRywVMsDZsJX0hyKb1iNHo5ijRl5yhtbO3lj7ImSrrL1oZ1VEg0te4iKmDGGz/6YPLd1G8w==",
      "cpu": [
        "arm64"
      ],
      "license": "MIT",
      "optional": true,
      "os": [
        "linux"
      ],
      "engines": {
        "node": "^20.19.0 || >=22.12.0"
      }
    },
    "node_modules/@oxc-parser/binding-linux-ppc64-gnu": {
      "version": "0.115.0",
      "resolved": "https://registry.npmjs.org/@oxc-parser/binding-linux-ppc64-gnu/-/binding-linux-ppc64-gnu-0.115.0.tgz",
      "integrity": "sha512-zhhePoBrd7kQx3oClX/W6NldsuCbuMqaN9rRsY+6/WoorAb4j490PG/FjqgAXscWp2uSW2WV9L+ksn0wHrvsrg==",
      "cpu": [
        "ppc64"
      ],
      "license": "MIT",
      "optional": true,
      "os": [
        "linux"
      ],
      "engines": {
        "node": "^20.19.0 || >=22.12.0"
      }
    },
    "node_modules/@oxc-parser/binding-linux-riscv64-gnu": {
      "version": "0.115.0",
      "resolved": "https://registry.npmjs.org/@oxc-parser/binding-linux-riscv64-gnu/-/binding-linux-riscv64-gnu-0.115.0.tgz",
      "integrity": "sha512-t/IRojvUE9XrKu+/H1b8YINug+7Q6FLls5rsm2lxB5mnS8GN/eYAYrPgHkcg9/1SueRDSzGpDYu3lGWTObk1zw==",
      "cpu": [
        "riscv64"
      ],
      "license": "MIT",
      "optional": true,
      "os": [
        "linux"
      ],
      "engines": {
        "node": "^20.19.0 || >=22.12.0"
      }
    },
    "node_modules/@oxc-parser/binding-linux-riscv64-musl": {
      "version": "0.115.0",
      "resolved": "https://registry.npmjs.org/@oxc-parser/binding-linux-riscv64-musl/-/binding-linux-riscv64-musl-0.115.0.tgz",
      "integrity": "sha512-79jBHSSh/YpQRAmvYoaCfpyToRbJ/HBrdB7hxK2ku2JMehjopTVo+xMJss/RV7/ZYqeezgjvKDQzapJbgcjVZA==",
      "cpu": [
        "riscv64"
      ],
      "license": "MIT",
      "optional": true,
      "os": [
        "linux"
      ],
      "engines": {
        "node": "^20.19.0 || >=22.12.0"
      }
    },
    "node_modules/@oxc-parser/binding-linux-s390x-gnu": {
      "version": "0.115.0",
      "resolved": "https://registry.npmjs.org/@oxc-parser/binding-linux-s390x-gnu/-/binding-linux-s390x-gnu-0.115.0.tgz",
      "integrity": "sha512-nA1TpxkhNTIOMMyiSSsa7XIVJVoOU/SsVrHIz3gHvWweB5PHCQfO7w+Lb2EP0lBWokv7HtA/KbF7aLDoXzmuMw==",
      "cpu": [
        "s390x"
      ],
      "license": "MIT",
      "optional": true,
      "os": [
        "linux"
      ],
      "engines": {
        "node": "^20.19.0 || >=22.12.0"
      }
    },
    "node_modules/@oxc-parser/binding-linux-x64-gnu": {
      "version": "0.115.0",
      "resolved": "https://registry.npmjs.org/@oxc-parser/binding-linux-x64-gnu/-/binding-linux-x64-gnu-0.115.0.tgz",
      "integrity": "sha512-9iVX789DoC3SaOOG+X6NcF/tVChgLp2vcHffzOC2/Z1JTPlz6bMG2ogvcW6/9s0BG2qvhNQImd+gbWYeQbOwVw==",
      "cpu": [
        "x64"
      ],
      "license": "MIT",
      "optional": true,
      "os": [
        "linux"
      ],
      "engines": {
        "node": "^20.19.0 || >=22.12.0"
      }
    },
    "node_modules/@oxc-parser/binding-linux-x64-musl": {
      "version": "0.115.0",
      "resolved": "https://registry.npmjs.org/@oxc-parser/binding-linux-x64-musl/-/binding-linux-x64-musl-0.115.0.tgz",
      "integrity": "sha512-RmQmk+mjCB0nMNfEYhaCxwofLo1Z95ebHw1AGvRiWGCd4zhCNOyskgCbMogIcQzSB3SuEKWgkssyaiQYVAA4hQ==",
      "cpu": [
        "x64"
      ],
      "license": "MIT",
      "optional": true,
      "os": [
        "linux"
      ],
      "engines": {
        "node": "^20.19.0 || >=22.12.0"
      }
    },
    "node_modules/@oxc-parser/binding-openharmony-arm64": {
      "version": "0.115.0",
      "resolved": "https://registry.npmjs.org/@oxc-parser/binding-openharmony-arm64/-/binding-openharmony-arm64-0.115.0.tgz",
      "integrity": "sha512-viigraWWQhhDvX5aGq+wrQq58k00Xq3MHz/0R4AFMxGlZ8ogNonpEfNc73Q5Ly87Z6sU9BvxEdG0dnYTfVnmew==",
      "cpu": [
        "arm64"
      ],
      "license": "MIT",
      "optional": true,
      "os": [
        "openharmony"
      ],
      "engines": {
        "node": "^20.19.0 || >=22.12.0"
      }
    },
    "node_modules/@oxc-parser/binding-wasm32-wasi": {
      "version": "0.115.0",
      "resolved": "https://registry.npmjs.org/@oxc-parser/binding-wasm32-wasi/-/binding-wasm32-wasi-0.115.0.tgz",
      "integrity": "sha512-IzGCrMwXhpb4kTXy/8lnqqqwjI7eOvy+r9AhVw+hsr8t1ecBBEHprcNy0aKatFHN6hsX7UMHHQmBAQjVvL/p1A==",
      "cpu": [
        "wasm32"
      ],
      "license": "MIT",
      "optional": true,
      "dependencies": {
        "@napi-rs/wasm-runtime": "^1.1.1"
      },
      "engines": {
        "node": ">=14.0.0"
      }
    },
    "node_modules/@oxc-parser/binding-win32-arm64-msvc": {
      "version": "0.115.0",
      "resolved": "https://registry.npmjs.org/@oxc-parser/binding-win32-arm64-msvc/-/binding-win32-arm64-msvc-0.115.0.tgz",
      "integrity": "sha512-/ym+Absk/TLFvbhh3se9XYuI1D7BrUVHw4RaG/2dmWKgBenrZHaJsgnRb7NJtaOyjEOLIPtULx1wDdVL0SX2eg==",
      "cpu": [
        "arm64"
      ],
      "license": "MIT",
      "optional": true,
      "os": [
        "win32"
      ],
      "engines": {
        "node": "^20.19.0 || >=22.12.0"
      }
    },
    "node_modules/@oxc-parser/binding-win32-ia32-msvc": {
      "version": "0.115.0",
      "resolved": "https://registry.npmjs.org/@oxc-parser/binding-win32-ia32-msvc/-/binding-win32-ia32-msvc-0.115.0.tgz",
      "integrity": "sha512-AQSZjIR+b+Te7uaO/hGTMjT8/oxlYrvKrOTi4KTHF/O6osjHEatUQ3y6ZW2+8+lJxy20zIcGz6iQFmFq/qDKkg==",
      "cpu": [
        "ia32"
      ],
      "license": "MIT",
      "optional": true,
      "os": [
        "win32"
      ],
      "engines": {
        "node": "^20.19.0 || >=22.12.0"
      }
    },
    "node_modules/@oxc-parser/binding-win32-x64-msvc": {
      "version": "0.115.0",
      "resolved": "https://registry.npmjs.org/@oxc-parser/binding-win32-x64-msvc/-/binding-win32-x64-msvc-0.115.0.tgz",
      "integrity": "sha512-oxUl82N+fIO9jIaXPph8SPPHQXrA08BHokBBJW8ct9F/x6o6bZE6eUAhUtWajbtvFhL8UYcCWRMba+kww6MBlA==",
      "cpu": [
        "x64"
      ],
      "license": "MIT",
      "optional": true,
      "os": [
        "win32"
      ],
      "engines": {
        "node": "^20.19.0 || >=22.12.0"
      }
    },
    "node_modules/@oxc-project/types": {
      "version": "0.115.0",
      "resolved": "https://registry.npmjs.org/@oxc-project/types/-/types-0.115.0.tgz",
      "integrity": "sha512-4n91DKnebUS4yjUHl2g3/b2T+IUdCfmoZGhmwsovZCDaJSs+QkVAM+0AqqTxHSsHfeiMuueT75cZaZcT/m0pSw==",
      "license": "MIT",
      "optional": true,
      "funding": {
        "url": "https://github.com/sponsors/Boshen"
      }
    },
    "node_modules/@tybys/wasm-util": {
      "version": "0.10.1",
      "resolved": "https://registry.npmjs.org/@tybys/wasm-util/-/wasm-util-0.10.1.tgz",
      "integrity": "sha512-9tTaPJLSiejZKx+Bmog4uSubteqTvFrVrURwkmHixBo0G4seD0zUxp98E1DzUBJxLQ3NPwXrGKDiVjwx/DpPsg==",
      "license": "MIT",
      "optional": true,
      "dependencies": {
        "tslib": "^2.4.0"
      }
    },
    "node_modules/acorn": {
      "version": "8.16.0",
      "resolved": "https://registry.npmjs.org/acorn/-/acorn-8.16.0.tgz",
      "integrity": "sha512-UVJyE9MttOsBQIDKw1skb9nAwQuR5wuGD3+82K6JgJlm/Y+KI92oNsMNGZCYdDsVtRHSak0pcV5Dno5+4jh9sw==",
      "license": "MIT",
      "bin": {
        "acorn": "bin/acorn"
      },
      "engines": {
        "node": ">=0.4.0"
      }
    },
    "node_modules/acorn-import-attributes": {
      "version": "1.9.5",
      "resolved": "https://registry.npmjs.org/acorn-import-attributes/-/acorn-import-attributes-1.9.5.tgz",
      "integrity": "sha512-n02Vykv5uA3eHGM/Z2dQrcD56kL8TyDb2p1+0P83PClMnC/nc+anbQRhIOWnSq4Ke/KvDPrY3C9hDtC/A3eHnQ==",
      "license": "MIT",
      "peerDependencies": {
        "acorn": "^8"
      }
    },
    "node_modules/argparse": {
      "version": "2.0.1",
      "resolved": "https://registry.npmjs.org/argparse/-/argparse-2.0.1.tgz",
      "integrity": "sha512-8+9WqebbFzpX9OR+Wa6O29asIogeRMzcGtAINdpMHHyAg10f05aSFVBbcEqGf/PXw1EjAZ+q2/bEBg3DvurK3Q==",
      "license": "Python-2.0",
      "optional": true
    },
    "node_modules/bindings": {
      "version": "1.5.0",
      "resolved": "https://registry.npmjs.org/bindings/-/bindings-1.5.0.tgz",
      "integrity": "sha512-p2q/t/mhvuOj/UeLlV6566GD/guowlr0hHxClI0W9m7MWYkL1F0hLo+0Aexs9HSPCtR1SXQ0TD3MMKrXZajbiQ==",
      "optional": true,
      "dependencies": {
        "file-uri-to-path": "1.0.0"
      }
    },
    "node_modules/cjs-module-lexer": {
      "version": "2.2.0",
      "resolved": "https://registry.npmjs.org/cjs-module-lexer/-/cjs-module-lexer-2.2.0.tgz",
      "integrity": "sha512-4bHTS2YuzUvtoLjdy+98ykbNB5jS0+07EvFNXerqZQJ89F7DI6ET7OQo/HJuW6K0aVsKA9hj9/RVb2kQVOrPDQ==",
      "license": "MIT"
    },
    "node_modules/dc-polyfill": {
      "version": "0.1.10",
      "resolved": "https://registry.npmjs.org/dc-polyfill/-/dc-polyfill-0.1.10.tgz",
      "integrity": "sha512-9iSbB8XZ7aIrhUtWI5ulEOJ+IyUN+axquodHK+bZO4r7HfY/xwmo6I4fYYf+aiDom+WMcN/wnzCz+pKvHDDCug==",
      "license": "MIT",
      "engines": {
        "node": ">=12.17"
      }
    },
    "node_modules/dd-trace": {
      "version": "5.89.0",
      "resolved": "https://registry.npmjs.org/dd-trace/-/dd-trace-5.89.0.tgz",
      "integrity": "sha512-hJo0B8F61fx8npRK3SmR0cp9jfWd8WJjdgjJB/o1fI4yhoQ7NeMrTbVpVYvN9hMjeeSl94m7/aF9iNsrjqFPRg==",
      "hasInstallScript": true,
      "license": "(Apache-2.0 OR BSD-3-Clause)",
      "dependencies": {
        "dc-polyfill": "^0.1.10",
        "import-in-the-middle": "^3.0.0"
      },
      "engines": {
        "node": ">=18 <26"
      },
      "optionalDependencies": {
        "@datadog/libdatadog": "0.8.1",
        "@datadog/native-appsec": "11.0.1",
        "@datadog/native-iast-taint-tracking": "4.1.0",
        "@datadog/native-metrics": "3.1.1",
        "@datadog/openfeature-node-server": "^1.1.0",
        "@datadog/pprof": "5.13.4",
        "@datadog/wasm-js-rewriter": "5.0.1",
        "@opentelemetry/api": ">=1.0.0 <1.10.0",
        "@opentelemetry/api-logs": "<1.0.0",
        "oxc-parser": "^0.115.0"
      }
    },
    "node_modules/delay": {
      "version": "5.0.0",
      "resolved": "https://registry.npmjs.org/delay/-/delay-5.0.0.tgz",
      "integrity": "sha512-ReEBKkIfe4ya47wlPYf/gu5ib6yUG0/Aez0JQZQz94kiWtRQvZIQbTiehsnwHvLSWJnQdhVeqYue7Id1dKr0qw==",
      "license": "MIT",
      "optional": true,
      "engines": {
        "node": ">=10"
      },
      "funding": {
        "url": "https://github.com/sponsors/sindresorhus"
      }
    },
    "node_modules/file-uri-to-path": {
      "version": "1.0.0",
      "resolved": "https://registry.npmjs.org/file-uri-to-path/-/file-uri-to-path-1.0.0.tgz",
      "integrity": "sha512-0Zt+s3L7Vf1biwWZ29aARiVYLx7iMGnEUl9x33fbB/j3jR81u/O2LbqK+Bm1CDSNDKVtJ/YjwY7TUd5SkeLQLw==",
      "optional": true
    },
    "node_modules/hot-shots": {
      "version": "10.0.0",
      "resolved": "https://registry.npmjs.org/hot-shots/-/hot-shots-10.0.0.tgz",
      "integrity": "sha512-uy/uGpuJk7yuyiKRfZMBNkF1GAOX5O2ifO9rDCaX9jw8fu6eW9QeWC7WRPDI+O98frW1HQgV3+xwjWsZPECIzQ==",
      "engines": {
        "node": ">=10.0.0"
      },
      "optionalDependencies": {
        "unix-dgram": "2.x"
      }
    },
    "node_modules/import-in-the-middle": {
      "version": "3.0.0",
      "resolved": "https://registry.npmjs.org/import-in-the-middle/-/import-in-the-middle-3.0.0.tgz",
      "integrity": "sha512-OnGy+eYT7wVejH2XWgLRgbmzujhhVIATQH0ztIeRilwHBjTeG3pD+XnH3PKX0r9gJ0BuJmJ68q/oh9qgXnNDQg==",
      "license": "Apache-2.0",
      "dependencies": {
        "acorn": "^8.15.0",
        "acorn-import-attributes": "^1.9.5",
        "cjs-module-lexer": "^2.2.0",
        "module-details-from-path": "^1.0.4"
      },
      "engines": {
        "node": ">=18"
      }
    },
    "node_modules/js-yaml": {
      "version": "4.1.1",
      "resolved": "https://registry.npmjs.org/js-yaml/-/js-yaml-4.1.1.tgz",
      "integrity": "sha512-qQKT4zQxXl8lLwBtHMWwaTcGfFOZviOJet3Oy/xmGk2gZH677CJM9EvtfdSkgWcATZhj/55JZ0rmy3myCT5lsA==",
      "license": "MIT",
      "optional": true,
      "dependencies": {
        "argparse": "^2.0.1"
      },
      "bin": {
        "js-yaml": "bin/js-yaml.js"
      }
    },
    "node_modules/lru-cache": {
      "version": "7.18.3",
      "resolved": "https://registry.npmjs.org/lru-cache/-/lru-cache-7.18.3.tgz",
      "integrity": "sha512-jumlc0BIUrS3qJGgIkWZsyfAM7NCWiBcCDhnd+3NNM5KbBmLTgHVfWBcg6W+rLUsIpzpERPsvwUP7CckAQSOoA==",
      "license": "ISC",
      "optional": true,
      "engines": {
        "node": ">=12"
      }
    },
    "node_modules/module-details-from-path": {
      "version": "1.0.4",
      "resolved": "https://registry.npmjs.org/module-details-from-path/-/module-details-from-path-1.0.4.tgz",
      "integrity": "sha512-EGWKgxALGMgzvxYF1UyGTy0HXX/2vHLkw6+NvDKW2jypWbHpjQuj4UMcqQWXHERJhVGKikolT06G3bcKe4fi7w==",
      "license": "MIT"
    },
    "node_modules/nan": {
      "version": "2.17.0",
      "resolved": "https://registry.npmjs.org/nan/-/nan-2.17.0.tgz",
      "integrity": "sha512-2ZTgtl0nJsO0KQCjEpxcIr5D+Yv90plTitZt9JBfQvVJDS5seMl3FOvsh3+9CoYWXf/1l5OaZzzF6nDm4cagaQ==",
      "optional": true
    },
    "node_modules/node-addon-api": {
      "version": "6.1.0",
      "resolved": "https://registry.npmjs.org/node-addon-api/-/node-addon-api-6.1.0.tgz",
      "integrity": "sha512-+eawOlIgy680F0kBzPUNFhMZGtJ1YmqM6l4+Crf4IkImjYrO/mqPwRMh352g23uIaQKFItcQ64I7KMaJxHgAVA==",
      "license": "MIT",
      "optional": true
    },
    "node_modules/node-gyp-build": {
      "version": "3.9.0",
      "resolved": "https://registry.npmjs.org/node-gyp-build/-/node-gyp-build-3.9.0.tgz",
      "integrity": "sha512-zLcTg6P4AbcHPq465ZMFNXx7XpKKJh+7kkN699NiQWisR2uWYOWNWqRHAmbnmKiL4e9aLSlmy5U7rEMUXV59+A==",
      "license": "MIT",
      "optional": true,
      "bin": {
        "node-gyp-build": "bin.js",
        "node-gyp-build-optional": "optional.js",
        "node-gyp-build-test": "build-test.js"
      }
    },
    "node_modules/oxc-parser": {
      "version": "0.115.0",
      "resolved": "https://registry.npmjs.org/oxc-parser/-/oxc-parser-0.115.0.tgz",
      "integrity": "sha512-2w7Xn3CbS/zwzSY82S5WLemrRu3CT57uF7Lx8llrE/2bul6iMTcJE4Rbls7GDNbLn3ttATI68PfOz2Pt3KZ2cQ==",
      "license": "MIT",
      "optional": true,
      "dependencies": {
        "@oxc-project/types": "^0.115.0"
      },
      "engines": {
        "node": "^20.19.0 || >=22.12.0"
      },
      "funding": {
        "url": "https://github.com/sponsors/Boshen"
      },
      "optionalDependencies": {
        "@oxc-parser/binding-android-arm-eabi": "0.115.0",
        "@oxc-parser/binding-android-arm64": "0.115.0",
        "@oxc-parser/binding-darwin-arm64": "0.115.0",
        "@oxc-parser/binding-darwin-x64": "0.115.0",
        "@oxc-parser/binding-freebsd-x64": "0.115.0",
        "@oxc-parser/binding-linux-arm-gnueabihf": "0.115.0",
        "@oxc-parser/binding-linux-arm-musleabihf": "0.115.0",
        "@oxc-parser/binding-linux-arm64-gnu": "0.115.0",
        "@oxc-parser/binding-linux-arm64-musl": "0.115.0",
        "@oxc-parser/binding-linux-ppc64-gnu": "0.115.0",
        "@oxc-parser/binding-linux-riscv64-gnu": "0.115.0",
        "@oxc-parser/binding-linux-riscv64-musl": "0.115.0",
        "@oxc-parser/binding-linux-s390x-gnu": "0.115.0",
        "@oxc-parser/binding-linux-x64-gnu": "0.115.0",
        "@oxc-parser/binding-linux-x64-musl": "0.115.0",
        "@oxc-parser/binding-openharmony-arm64": "0.115.0",
        "@oxc-parser/binding-wasm32-wasi": "0.115.0",
        "@oxc-parser/binding-win32-arm64-msvc": "0.115.0",
        "@oxc-parser/binding-win32-ia32-msvc": "0.115.0",
        "@oxc-parser/binding-win32-x64-msvc": "0.115.0"
      }
    },
    "node_modules/p-limit": {
      "version": "3.1.0",
      "resolved": "https://registry.npmjs.org/p-limit/-/p-limit-3.1.0.tgz",
      "integrity": "sha512-TYOanM3wGwNGsZN2cVTYPArw454xnXj5qmWF1bEoAc4+cU/ol7GVh7odevjp1FNHduHc3KZMcFduxU5Xc6uJRQ==",
      "license": "MIT",
      "optional": true,
      "dependencies": {
        "yocto-queue": "^0.1.0"
      },
      "engines": {
        "node": ">=10"
      },
      "funding": {
        "url": "https://github.com/sponsors/sindresorhus"
      }
    },
    "node_modules/pprof-format": {
      "version": "2.2.1",
      "resolved": "https://registry.npmjs.org/pprof-format/-/pprof-format-2.2.1.tgz",
      "integrity": "sha512-p4tVN7iK19ccDqQv8heyobzUmbHyds4N2FI6aBMcXz6y99MglTWDxIyhFkNaLeEXs6IFUEzT0zya0icbSLLY0g==",
      "license": "MIT",
      "optional": true
    },
    "node_modules/source-map": {
      "version": "0.7.6",
      "resolved": "https://registry.npmjs.org/source-map/-/source-map-0.7.6.tgz",
      "integrity": "sha512-i5uvt8C3ikiWeNZSVZNWcfZPItFQOsYTUAOkcUPGd8DqDy1uOUikjt5dG+uRlwyvR108Fb9DOd4GvXfT0N2/uQ==",
      "license": "BSD-3-Clause",
      "optional": true,
      "engines": {
        "node": ">= 12"
      }
    },
    "node_modules/spark-md5": {
      "version": "3.0.2",
      "resolved": "https://registry.npmjs.org/spark-md5/-/spark-md5-3.0.2.tgz",
      "integrity": "sha512-wcFzz9cDfbuqe0FZzfi2or1sgyIrsDwmPwfZC4hiNidPdPINjeUwNfv5kldczoEAcjl9Y1L3SM7Uz2PUEQzxQw==",
      "license": "(WTFPL OR MIT)",
      "optional": true
    },
    "node_modules/tslib": {
      "version": "2.8.1",
      "resolved": "https://registry.npmjs.org/tslib/-/tslib-2.8.1.tgz",
      "integrity": "sha512-oJFu94HQb+KVduSUQL7wnpmqnfmLsOA/nAh6b6EH0wCEoK0/mPeXU6c3wKDV83MkOuHPRHtSXKKU99IBazS/2w==",
      "license": "0BSD",
      "optional": true
    },
    "node_modules/unix-dgram": {
      "version": "2.0.6",
      "resolved": "https://registry.npmjs.org/unix-dgram/-/unix-dgram-2.0.6.tgz",
      "integrity": "sha512-AURroAsb73BZ6CdAyMrTk/hYKNj3DuYYEuOaB8bYMOHGKupRNScw90Q5C71tWJc3uE7dIeXRyuwN0xLLq3vDTg==",
      "hasInstallScript": true,
      "optional": true,
      "dependencies": {
        "bindings": "^1.5.0",
        "nan": "^2.16.0"
      },
      "engines": {
        "node": ">=0.10.48"
      }
    },
    "node_modules/yocto-queue": {
      "version": "0.1.0",
      "resolved": "https://registry.npmjs.org/yocto-queue/-/yocto-queue-0.1.0.tgz",
      "integrity": "sha512-rVksvsnNCdJ/ohGc6xgPwyN8eheCxsiLM8mxuE/t/mOVqJewPuO1miLpTHQiRgTKCLexL4MeAFVagts7HmNZ2Q==",
      "license": "MIT",
      "optional": true,
      "engines": {
        "node": ">=10"
      },
      "funding": {
        "url": "https://github.com/sponsors/sindresorhus"
      }
    }
  }
}
