{
  "name": "cf-nodejs-sample-app",
  "version": "1.0.0",
  "lockfileVersion": 3,
  "requires": true,
  "packages": {
    "": {
      "name": "cf-nodejs-sample-app",
      "version": "1.0.0",
      "license": "ISC",
      "dependencies": {
        "dd-trace": "^5.93.0",
        "hot-shots": "^10.2.1"
      },
      "engines": {
        "node": "20.x",
        "npm": "10.x"
      }
    },
    "node_modules/@datadog/flagging-core": {
      "version": "1.1.1",
      "resolved": "https://registry.npmjs.org/@datadog/flagging-core/-/flagging-core-1.1.1.tgz",
      "integrity": "sha512-QoV2DRD7da5jTFrwc/iTjY3lvSCtFXf+yREYYpHK4RJTO/eB/B7K0Cug1bcmWxd+8acjjPWJYjht+EUNrUx3jA==",
      "license": "Apache-2.0",
      "optional": true,
      "dependencies": {
        "spark-md5": "^3.0.2"
      }
    },
    "node_modules/@datadog/libdatadog": {
      "version": "0.9.2",
      "resolved": "https://registry.npmjs.org/@datadog/libdatadog/-/libdatadog-0.9.2.tgz",
      "integrity": "sha512-grOerTYuU3wHuFIOBGg3jB144A3KEthEdVEL3meeiXYo7E7fBXXGRgAOwVE42VXFXfl0r8kDKCL7KupBc511tg==",
      "license": "Apache-2.0",
      "optional": true
    },
    "node_modules/@datadog/native-appsec": {
      "version": "11.0.1",
      "resolved": "https://registry.npmjs.org/@datadog/native-appsec/-/native-appsec-11.0.1.tgz",
      "integrity": "sha512-Y/XfknUmmJcw4hhQVhqzgdQvfjy+EGmXuUBgtVkI1r+/qS00egYu+wD/x7pOvjdbZNqN96znVszAnXvDQAzMDQ==",
      "hasInstallScript": true,
      "license": "Apache-2.0",
      "optional": true,
      "dependencies": {
        "node-gyp-build": "^3.9.0"
      },
      "engines": {
        "node": ">=16"
      }
    },
    "node_modules/@datadog/native-iast-taint-tracking": {
      "version": "4.1.0",
      "resolved": "https://registry.npmjs.org/@datadog/native-iast-taint-tracking/-/native-iast-taint-tracking-4.1.0.tgz",
      "integrity": "sha512-g9K9Ddx1YQfrQIC2hgtfnYUGuzAFvSvhvt2lPZOAWBPo+bkYoW5KEkMHoY5XykCigTfXBYcQicRV0xB22AMkHw==",
      "hasInstallScript": true,
      "license": "Apache-2.0",
      "optional": true,
      "dependencies": {
        "node-gyp-build": "^3.9.0"
      }
    },
    "node_modules/@datadog/native-metrics": {
      "version": "3.1.1",
      "resolved": "https://registry.npmjs.org/@datadog/native-metrics/-/native-metrics-3.1.1.tgz",
      "integrity": "sha512-MU1gHrolwryrU4X9g+fylA1KPH3S46oqJPEtVyrO+3Kh29z80fegmtyrU22bNt8LigPUK/EdPCnSbMe88QbnxQ==",
      "hasInstallScript": true,
      "license": "Apache-2.0",
      "optional": true,
      "dependencies": {
        "node-addon-api": "^6.1.0",
        "node-gyp-build": "^3.9.0"
      },
      "engines": {
        "node": ">=16"
      }
    },
    "node_modules/@datadog/openfeature-node-server": {
      "version": "1.1.1",
      "resolved": "https://registry.npmjs.org/@datadog/openfeature-node-server/-/openfeature-node-server-1.1.1.tgz",
      "integrity": "sha512-044Fmlqp3fyJ6zoOEueFMuaKVZGBXWf7HjZ6zetPUeJ+AgEQkkZ6g4qQThwyUNmDddNiHOnLnkJd7KA58Sk3gA==",
      "license": "Apache-2.0",
      "optional": true,
      "dependencies": {
        "@datadog/flagging-core": "1.1.1"
      },
      "engines": {
        "node": ">=18.0.0"
      },
      "peerDependencies": {
        "@openfeature/server-sdk": ">=1.15.1"
      },
      "peerDependenciesMeta": {
        "@openfeature/server-sdk": {
          "optional": true
        }
      }
    },
    "node_modules/@datadog/pprof": {
      "version": "5.14.1",
      "resolved": "https://registry.npmjs.org/@datadog/pprof/-/pprof-5.14.1.tgz",
      "integrity": "sha512-MlODCE9Gltmx7WChOg1BkIm7W2iE4CDW7K72BMwgzCvxFkG9rFWVsuA7/NEZL1nDvJ0qDe2du7DZZdZHTjcVPw==",
      "hasInstallScript": true,
      "license": "Apache-2.0",
      "optional": true,
      "dependencies": {
        "node-gyp-build": "<4.0",
        "pprof-format": "^2.2.1",
        "source-map": "^0.7.4"
      },
      "engines": {
        "node": ">=16"
      }
    },
    "node_modules/@datadog/wasm-js-rewriter": {
      "version": "5.0.1",
      "resolved": "https://registry.npmjs.org/@datadog/wasm-js-rewriter/-/wasm-js-rewriter-5.0.1.tgz",
      "integrity": "sha512-EzbV3Lrdt3udQEsbDOVC5gB1y7yxfpBbrSIk4jaEsGjyj0Dbv2HGj7tZjs+qXzIzNonHc8h5El2bYZOGfC2wwg==",
      "license": "Apache-2.0",
      "optional": true,
      "dependencies": {
        "js-yaml": "^4.1.0",
        "lru-cache": "^7.14.0",
        "module-details-from-path": "^1.0.3",
        "node-gyp-build": "^4.5.0"
      },
      "engines": {
        "node": ">= 10"
      }
    },
    "node_modules/@datadog/wasm-js-rewriter/node_modules/node-gyp-build": {
      "version": "4.8.4",
      "resolved": "https://registry.npmjs.org/node-gyp-build/-/node-gyp-build-4.8.4.tgz",
      "integrity": "sha512-LA4ZjwlnUblHVgq0oBF3Jl/6h/Nvs5fzBLwdEF4nuxnFdsfajde4WfxtJr3CaiH+F6ewcIB/q4jQ4UzPyid+CQ==",
      "license": "MIT",
      "optional": true,
      "bin": {
        "node-gyp-build": "bin.js",
        "node-gyp-build-optional": "optional.js",
        "node-gyp-build-test": "build-test.js"
      }
    },
    "node_modules/@emnapi/core": {
      "version": "1.9.1",
      "resolved": "https://registry.npmjs.org/@emnapi/core/-/core-1.9.1.tgz",
      "integrity": "sha512-mukuNALVsoix/w1BJwFzwXBN/dHeejQtuVzcDsfOEsdpCumXb/E9j8w11h5S54tT1xhifGfbbSm/ICrObRb3KA==",
      "license": "MIT",
      "optional": true,
      "peer": true,
      "dependencies": {
        "@emnapi/wasi-threads": "1.2.0",
        "tslib": "^2.4.0"
      }
    },
    "node_modules/@emnapi/runtime": {
      "version": "1.9.1",
      "resolved": "https://registry.npmjs.org/@emnapi/runtime/-/runtime-1.9.1.tgz",
      "integrity": "sha512-VYi5+ZVLhpgK4hQ0TAjiQiZ6ol0oe4mBx7mVv7IflsiEp0OWoVsp/+f9Vc1hOhE0TtkORVrI1GvzyreqpgWtkA==",
      "license": "MIT",
      "optional": true,
      "peer": true,
      "dependencies": {
        "tslib": "^2.4.0"
      }
    },
    "node_modules/@emnapi/wasi-threads": {
      "version": "1.2.0",
      "resolved": "https://registry.npmjs.org/@emnapi/wasi-threads/-/wasi-threads-1.2.0.tgz",
      "integrity": "sha512-N10dEJNSsUx41Z6pZsXU8FjPjpBEplgH24sfkmITrBED1/U2Esum9F3lfLrMjKHHjmi557zQn7kR9R+XWXu5Rg==",
      "license": "MIT",
      "optional": true,
      "peer": true,
      "dependencies": {
        "tslib": "^2.4.0"
      }
    },
    "node_modules/@napi-rs/wasm-runtime": {
      "version": "1.1.2",
      "resolved": "https://registry.npmjs.org/@napi-rs/wasm-runtime/-/wasm-runtime-1.1.2.tgz",
      "integrity": "sha512-sNXv5oLJ7ob93xkZ1XnxisYhGYXfaG9f65/ZgYuAu3qt7b3NadcOEhLvx28hv31PgX8SZJRYrAIPQilQmFpLVw==",
      "license": "MIT",
      "optional": true,
      "dependencies": {
        "@tybys/wasm-util": "^0.10.1"
      },
      "funding": {
        "type": "github",
        "url": "https://github.com/sponsors/Brooooooklyn"
      },
      "peerDependencies": {
        "@emnapi/core": "^1.7.1",
        "@emnapi/runtime": "^1.7.1"
      }
    },
    "node_modules/@opentelemetry/api": {
      "version": "1.9.0",
      "resolved": "https://registry.npmjs.org/@opentelemetry/api/-/api-1.9.0.tgz",
      "integrity": "sha512-3giAOQvZiH5F9bMlMiv8+GSPMeqg0dbaeo58/0SlA9sxSqZhnUtxzX9/2FzyhS9sWQf5S0GJE0AKBrFqjpeYcg==",
      "license": "Apache-2.0",
      "optional": true,
      "engines": {
        "node": ">=8.0.0"
      }
    },
    "node_modules/@opentelemetry/api-logs": {
      "version": "0.213.0",
      "resolved": "https://registry.npmjs.org/@opentelemetry/api-logs/-/api-logs-0.213.0.tgz",
      "integrity": "sha512-zRM5/Qj6G84Ej3F1yt33xBVY/3tnMxtL1fiDIxYbDWYaZ/eudVw3/PBiZ8G7JwUxXxjW8gU4g6LnOyfGKYHYgw==",
      "license": "Apache-2.0",
      "optional": true,
      "dependencies": {
        "@opentelemetry/api": "^1.3.0"
      },
      "engines": {
        "node": ">=8.0.0"
      }
    },
    "node_modules/@oxc-parser/binding-android-arm-eabi": {
      "version": "0.121.0",
      "resolved": "https://registry.npmjs.org/@oxc-parser/binding-android-arm-eabi/-/binding-android-arm-eabi-0.121.0.tgz",
      "integrity": "sha512-n07FQcySwOlzap424/PLMtOkbS7xOu8nsJduKL8P3COGHKgKoDYXwoAHCbChfgFpHnviehrLWIPX0lKGtbEk/A==",
      "cpu": [
        "arm"
      ],
      "license": "MIT",
      "optional": true,
      "os": [
        "android"
      ],
      "engines": {
        "node": "^20.19.0 || >=22.12.0"
      }
    },
    "node_modules/@oxc-parser/binding-android-arm64": {
      "version": "0.121.0",
      "resolved": "https://registry.npmjs.org/@oxc-parser/binding-android-arm64/-/binding-android-arm64-0.121.0.tgz",
      "integrity": "sha512-/Dd1xIXboYAicw+twT2utxPD7bL8qh7d3ej0qvaYIMj3/EgIrGR+tSnjCUkiCT6g6uTC0neSS4JY8LxhdSU/sA==",
      "cpu": [
        "arm64"
      ],
      "license": "MIT",
      "optional": true,
      "os": [
        "android"
      ],
      "engines": {
        "node": "^20.19.0 || >=22.12.0"
      }
    },
    "node_modules/@oxc-parser/binding-darwin-arm64": {
      "version": "0.121.0",
      "resolved": "https://registry.npmjs.org/@oxc-parser/binding-darwin-arm64/-/binding-darwin-arm64-0.121.0.tgz",
      "integrity": "sha512-A0jNEvv7QMtCO1yk205t3DWU9sWUjQ2KNF0hSVO5W9R9r/R1BIvzG01UQAfmtC0dQm7sCrs5puixurKSfr2bRQ==",
      "cpu": [
        "arm64"
      ],
      "license": "MIT",
      "optional": true,
      "os": [
        "darwin"
      ],
      "engines": {
        "node": "^20.19.0 || >=22.12.0"
      }
    },
    "node_modules/@oxc-parser/binding-darwin-x64": {
      "version": "0.121.0",
      "resolved": "https://registry.npmjs.org/@oxc-parser/binding-darwin-x64/-/binding-darwin-x64-0.121.0.tgz",
      "integrity": "sha512-SsHzipdxTKUs3I9EOAPmnIimEeJOemqRlRDOp9LIj+96wtxZejF51gNibmoGq8KoqbT1ssAI5po/E3J+vEtXGA==",
      "cpu": [
        "x64"
      ],
      "license": "MIT",
      "optional": true,
      "os": [
        "darwin"
      ],
      "engines": {
        "node": "^20.19.0 || >=22.12.0"
      }
    },
    "node_modules/@oxc-parser/binding-freebsd-x64": {
      "version": "0.121.0",
      "resolved": "https://registry.npmjs.org/@oxc-parser/binding-freebsd-x64/-/binding-freebsd-x64-0.121.0.tgz",
      "integrity": "sha512-v1APOTkCp+RWOIDAHRoaeW/UoaHF15a60E8eUL6kUQXh+i4K7PBwq2Wi7jm8p0ymID5/m/oC1w3W31Z/+r7HQw==",
      "cpu": [
        "x64"
      ],
      "license": "MIT",
      "optional": true,
      "os": [
        "freebsd"
      ],
      "engines": {
        "node": "^20.19.0 || >=22.12.0"
      }
    },
    "node_modules/@oxc-parser/binding-linux-arm-gnueabihf": {
      "version": "0.121.0",
      "resolved": "https://registry.npmjs.org/@oxc-parser/binding-linux-arm-gnueabihf/-/binding-linux-arm-gnueabihf-0.121.0.tgz",
      "integrity": "sha512-PmqPQuqHZyFVWA4ycr0eu4VnTMmq9laOHZd+8R359w6kzuNZPvmmunmNJ8ybkm769A0nCoVp3TJ6dUz7B3FYIQ==",
      "cpu": [
        "arm"
      ],
      "license": "MIT",
      "optional": true,
      "os": [
        "linux"
      ],
      "engines": {
        "node": "^20.19.0 || >=22.12.0"
      }
    },
    "node_modules/@oxc-parser/binding-linux-arm-musleabihf": {
      "version": "0.121.0",
      "resolved": "https://registry.npmjs.org/@oxc-parser/binding-linux-arm-musleabihf/-/binding-linux-arm-musleabihf-0.121.0.tgz",
      "integrity": "sha512-vF24htj+MOH+Q7y9A8NuC6pUZu8t/C2Fr/kDOi2OcNf28oogr2xadBPXAbml802E8wRAVfbta6YLDQTearz+jw==",
      "cpu": [
        "arm"
      ],
      "license": "MIT",
      "optional": true,
      "os": [
        "linux"
      ],
      "engines": {
        "node": "^20.19.0 || >=22.12.0"
      }
    },
    "node_modules/@oxc-parser/binding-linux-arm64-gnu": {
      "version": "0.121.0",
      "resolved": "https://registry.npmjs.org/@oxc-parser/binding-linux-arm64-gnu/-/binding-linux-arm64-gnu-0.121.0.tgz",
      "integrity": "sha512-wjH8cIG2Lu/3d64iZpbYr73hREMgKAfu7fqpXjgM2S16y2zhTfDIp8EQjxO8vlDtKP5Rc7waZW72lh8nZtWrpA==",
      "cpu": [
        "arm64"
      ],
      "libc": [
        "glibc"
      ],
      "license": "MIT",
      "optional": true,
      "os": [
        "linux"
      ],
      "engines": {
        "node": "^20.19.0 || >=22.12.0"
      }
    },
    "node_modules/@oxc-parser/binding-linux-arm64-musl": {
      "version": "0.121.0",
      "resolved": "https://registry.npmjs.org/@oxc-parser/binding-linux-arm64-musl/-/binding-linux-arm64-musl-0.121.0.tgz",
      "integrity": "sha512-qT663J/W8yQFw3dtscbEi9LKJevr20V7uWs2MPGTnvNZ3rm8anhhE16gXGpxDOHeg9raySaSHKhd4IGa3YZvuw==",
      "cpu": [
        "arm64"
      ],
      "libc": [
        "musl"
      ],
      "license": "MIT",
      "optional": true,
      "os": [
        "linux"
      ],
      "engines": {
        "node": "^20.19.0 || >=22.12.0"
      }
    },
    "node_modules/@oxc-parser/binding-linux-ppc64-gnu": {
      "version": "0.121.0",
      "resolved": "https://registry.npmjs.org/@oxc-parser/binding-linux-ppc64-gnu/-/binding-linux-ppc64-gnu-0.121.0.tgz",
      "integrity": "sha512-mYNe4NhVvDBbPkAP8JaVS8lC1dsoJZWH5WCjpw5E+sjhk1R08wt3NnXYUzum7tIiWPfgQxbCMcoxgeemFASbRw==",
      "cpu": [
        "ppc64"
      ],
      "libc": [
        "glibc"
      ],
      "license": "MIT",
      "optional": true,
      "os": [
        "linux"
      ],
      "engines": {
        "node": "^20.19.0 || >=22.12.0"
      }
    },
    "node_modules/@oxc-parser/binding-linux-riscv64-gnu": {
      "version": "0.121.0",
      "resolved": "https://registry.npmjs.org/@oxc-parser/binding-linux-riscv64-gnu/-/binding-linux-riscv64-gnu-0.121.0.tgz",
      "integrity": "sha512-+QiFoGxhAbaI/amqX567784cDyyuZIpinBrJNxUzb+/L2aBRX67mN6Jv40pqduHf15yYByI+K5gUEygCuv0z9w==",
      "cpu": [
        "riscv64"
      ],
      "libc": [
        "glibc"
      ],
      "license": "MIT",
      "optional": true,
      "os": [
        "linux"
      ],
      "engines": {
        "node": "^20.19.0 || >=22.12.0"
      }
    },
    "node_modules/@oxc-parser/binding-linux-riscv64-musl": {
      "version": "0.121.0",
      "resolved": "https://registry.npmjs.org/@oxc-parser/binding-linux-riscv64-musl/-/binding-linux-riscv64-musl-0.121.0.tgz",
      "integrity": "sha512-9ykEgyTa5JD/Uhv2sttbKnCfl2PieUfOjyxJC/oDL2UO0qtXOtjPLl7H8Kaj5G7p3hIvFgu3YWvAxvE0sqY+hQ==",
      "cpu": [
        "riscv64"
      ],
      "libc": [
        "musl"
      ],
      "license": "MIT",
      "optional": true,
      "os": [
        "linux"
      ],
      "engines": {
        "node": "^20.19.0 || >=22.12.0"
      }
    },
    "node_modules/@oxc-parser/binding-linux-s390x-gnu": {
      "version": "0.121.0",
      "resolved": "https://registry.npmjs.org/@oxc-parser/binding-linux-s390x-gnu/-/binding-linux-s390x-gnu-0.121.0.tgz",
      "integrity": "sha512-DB1EW5VHZdc1lIRjOI3bW/wV6R6y0xlfvdVrqj6kKi7Ayu2U3UqUBdq9KviVkcUGd5Oq+dROqvUEEFRXGAM7EQ==",
      "cpu": [
        "s390x"
      ],
      "libc": [
        "glibc"
      ],
      "license": "MIT",
      "optional": true,
      "os": [
        "linux"
      ],
      "engines": {
        "node": "^20.19.0 || >=22.12.0"
      }
    },
    "node_modules/@oxc-parser/binding-linux-x64-gnu": {
      "version": "0.121.0",
      "resolved": "https://registry.npmjs.org/@oxc-parser/binding-linux-x64-gnu/-/binding-linux-x64-gnu-0.121.0.tgz",
      "integrity": "sha512-s4lfobX9p4kPTclvMiH3gcQUd88VlnkMTF6n2MTMDAyX5FPNRhhRSFZK05Ykhf8Zy5NibV4PbGR6DnK7FGNN6A==",
      "cpu": [
        "x64"
      ],
      "libc": [
        "glibc"
      ],
      "license": "MIT",
      "optional": true,
      "os": [
        "linux"
      ],
      "engines": {
        "node": "^20.19.0 || >=22.12.0"
      }
    },
    "node_modules/@oxc-parser/binding-linux-x64-musl": {
      "version": "0.121.0",
      "resolved": "https://registry.npmjs.org/@oxc-parser/binding-linux-x64-musl/-/binding-linux-x64-musl-0.121.0.tgz",
      "integrity": "sha512-P9KlyTpuBuMi3NRGpJO8MicuGZfOoqZVRP1WjOecwx8yk4L/+mrCRNc5egSi0byhuReblBF2oVoDSMgV9Bj4Hw==",
      "cpu": [
        "x64"
      ],
      "libc": [
        "musl"
      ],
      "license": "MIT",
      "optional": true,
      "os": [
        "linux"
      ],
      "engines": {
        "node": "^20.19.0 || >=22.12.0"
      }
    },
    "node_modules/@oxc-parser/binding-openharmony-arm64": {
      "version": "0.121.0",
      "resolved": "https://registry.npmjs.org/@oxc-parser/binding-openharmony-arm64/-/binding-openharmony-arm64-0.121.0.tgz",
      "integrity": "sha512-R+4jrWOfF2OAPPhj3Eb3U5CaKNAH9/btMveMULIrcNW/hjfysFQlF8wE0GaVBr81dWz8JLgQlsxwctoL78JwXw==",
      "cpu": [
        "arm64"
      ],
      "license": "MIT",
      "optional": true,
      "os": [
        "openharmony"
      ],
      "engines": {
        "node": "^20.19.0 || >=22.12.0"
      }
    },
    "node_modules/@oxc-parser/binding-wasm32-wasi": {
      "version": "0.121.0",
      "resolved": "https://registry.npmjs.org/@oxc-parser/binding-wasm32-wasi/-/binding-wasm32-wasi-0.121.0.tgz",
      "integrity": "sha512-5TFISkPTymKvsmIlKasPVTPuWxzCcrT8pM+p77+mtQbIZDd1UC8zww4CJcRI46kolmgrEX6QpKO8AvWMVZ+ifw==",
      "cpu": [
        "wasm32"
      ],
      "license": "MIT",
      "optional": true,
      "dependencies": {
        "@napi-rs/wasm-runtime": "^1.1.1"
      },
      "engines": {
        "node": ">=14.0.0"
      }
    },
    "node_modules/@oxc-parser/binding-win32-arm64-msvc": {
      "version": "0.121.0",
      "resolved": "https://registry.npmjs.org/@oxc-parser/binding-win32-arm64-msvc/-/binding-win32-arm64-msvc-0.121.0.tgz",
      "integrity": "sha512-V0pxh4mql4XTt3aiEtRNUeBAUFOw5jzZNxPABLaOKAWrVzSr9+XUaB095lY7jqMf5t8vkfh8NManGB28zanYKw==",
      "cpu": [
        "arm64"
      ],
      "license": "MIT",
      "optional": true,
      "os": [
        "win32"
      ],
      "engines": {
        "node": "^20.19.0 || >=22.12.0"
      }
    },
    "node_modules/@oxc-parser/binding-win32-ia32-msvc": {
      "version": "0.121.0",
      "resolved": "https://registry.npmjs.org/@oxc-parser/binding-win32-ia32-msvc/-/binding-win32-ia32-msvc-0.121.0.tgz",
      "integrity": "sha512-4Ob1qvYMPnlF2N9rdmKdkQFdrq16QVcQwBsO8yiPZXof0fHKFF+LmQV501XFbi7lHyrKm8rlJRfQ/M8bZZPVLw==",
      "cpu": [
        "ia32"
      ],
      "license": "MIT",
      "optional": true,
      "os": [
        "win32"
      ],
      "engines": {
        "node": "^20.19.0 || >=22.12.0"
      }
    },
    "node_modules/@oxc-parser/binding-win32-x64-msvc": {
      "version": "0.121.0",
      "resolved": "https://registry.npmjs.org/@oxc-parser/binding-win32-x64-msvc/-/binding-win32-x64-msvc-0.121.0.tgz",
      "integrity": "sha512-BOp1KCzdboB1tPqoCPXgntgFs0jjeSyOXHzgxVFR7B/qfr3F8r4YDacHkTOUNXtDgM8YwKnkf3rE5gwALYX7NA==",
      "cpu": [
        "x64"
      ],
      "license": "MIT",
      "optional": true,
      "os": [
        "win32"
      ],
      "engines": {
        "node": "^20.19.0 || >=22.12.0"
      }
    },
    "node_modules/@oxc-project/types": {
      "version": "0.121.0",
      "resolved": "https://registry.npmjs.org/@oxc-project/types/-/types-0.121.0.tgz",
      "integrity": "sha512-CGtOARQb9tyv7ECgdAlFxi0Fv7lmzvmlm2rpD/RdijOO9rfk/JvB1CjT8EnoD+tjna/IYgKKw3IV7objRb+aYw==",
      "license": "MIT",
      "optional": true,
      "funding": {
        "url": "https://github.com/sponsors/Boshen"
      }
    },
    "node_modules/@tybys/wasm-util": {
      "version": "0.10.1",
      "resolved": "https://registry.npmjs.org/@tybys/wasm-util/-/wasm-util-0.10.1.tgz",
      "integrity": "sha512-9tTaPJLSiejZKx+Bmog4uSubteqTvFrVrURwkmHixBo0G4seD0zUxp98E1DzUBJxLQ3NPwXrGKDiVjwx/DpPsg==",
      "license": "MIT",
      "optional": true,
      "dependencies": {
        "tslib": "^2.4.0"
      }
    },
    "node_modules/acorn": {
      "version": "8.16.0",
      "resolved": "https://registry.npmjs.org/acorn/-/acorn-8.16.0.tgz",
      "integrity": "sha512-UVJyE9MttOsBQIDKw1skb9nAwQuR5wuGD3+82K6JgJlm/Y+KI92oNsMNGZCYdDsVtRHSak0pcV5Dno5+4jh9sw==",
      "license": "MIT",
      "bin": {
        "acorn": "bin/acorn"
      },
      "engines": {
        "node": ">=0.4.0"
      }
    },
    "node_modules/acorn-import-attributes": {
      "version": "1.9.5",
      "resolved": "https://registry.npmjs.org/acorn-import-attributes/-/acorn-import-attributes-1.9.5.tgz",
      "integrity": "sha512-n02Vykv5uA3eHGM/Z2dQrcD56kL8TyDb2p1+0P83PClMnC/nc+anbQRhIOWnSq4Ke/KvDPrY3C9hDtC/A3eHnQ==",
      "license": "MIT",
      "peerDependencies": {
        "acorn": "^8"
      }
    },
    "node_modules/argparse": {
      "version": "2.0.1",
      "resolved": "https://registry.npmjs.org/argparse/-/argparse-2.0.1.tgz",
      "integrity": "sha512-8+9WqebbFzpX9OR+Wa6O29asIogeRMzcGtAINdpMHHyAg10f05aSFVBbcEqGf/PXw1EjAZ+q2/bEBg3DvurK3Q==",
      "license": "Python-2.0",
      "optional": true
    },
    "node_modules/bindings": {
      "version": "1.5.0",
      "resolved": "https://registry.npmjs.org/bindings/-/bindings-1.5.0.tgz",
      "integrity": "sha512-p2q/t/mhvuOj/UeLlV6566GD/guowlr0hHxClI0W9m7MWYkL1F0hLo+0Aexs9HSPCtR1SXQ0TD3MMKrXZajbiQ==",
      "optional": true,
      "dependencies": {
        "file-uri-to-path": "1.0.0"
      }
    },
    "node_modules/cjs-module-lexer": {
      "version": "2.2.0",
      "resolved": "https://registry.npmjs.org/cjs-module-lexer/-/cjs-module-lexer-2.2.0.tgz",
      "integrity": "sha512-4bHTS2YuzUvtoLjdy+98ykbNB5jS0+07EvFNXerqZQJ89F7DI6ET7OQo/HJuW6K0aVsKA9hj9/RVb2kQVOrPDQ==",
      "license": "MIT"
    },
    "node_modules/dc-polyfill": {
      "version": "0.1.10",
      "resolved": "https://registry.npmjs.org/dc-polyfill/-/dc-polyfill-0.1.10.tgz",
      "integrity": "sha512-9iSbB8XZ7aIrhUtWI5ulEOJ+IyUN+axquodHK+bZO4r7HfY/xwmo6I4fYYf+aiDom+WMcN/wnzCz+pKvHDDCug==",
      "license": "MIT",
      "engines": {
        "node": ">=12.17"
      }
    },
    "node_modules/dd-trace": {
      "version": "5.94.0",
      "resolved": "https://registry.npmjs.org/dd-trace/-/dd-trace-5.94.0.tgz",
      "integrity": "sha512-UW8tBq1xj5hlaJQMguqycMsQgeUmHXW7m3rgWfG9qx0Alp92wEfm1Wd/AuKkR7y20cqgDTcL5kxadBLq1FZrLw==",
      "hasInstallScript": true,
      "license": "(Apache-2.0 OR BSD-3-Clause)",
      "dependencies": {
        "dc-polyfill": "^0.1.10",
        "import-in-the-middle": "^3.0.0"
      },
      "engines": {
        "node": ">=18 <26"
      },
      "optionalDependencies": {
        "@datadog/libdatadog": "0.9.2",
        "@datadog/native-appsec": "11.0.1",
        "@datadog/native-iast-taint-tracking": "4.1.0",
        "@datadog/native-metrics": "3.1.1",
        "@datadog/openfeature-node-server": "^1.1.1",
        "@datadog/pprof": "5.14.1",
        "@datadog/wasm-js-rewriter": "5.0.1",
        "@opentelemetry/api": ">=1.0.0 <1.10.0",
        "@opentelemetry/api-logs": "<1.0.0",
        "oxc-parser": "^0.121.0"
      }
    },
    "node_modules/file-uri-to-path": {
      "version": "1.0.0",
      "resolved": "https://registry.npmjs.org/file-uri-to-path/-/file-uri-to-path-1.0.0.tgz",
      "integrity": "sha512-0Zt+s3L7Vf1biwWZ29aARiVYLx7iMGnEUl9x33fbB/j3jR81u/O2LbqK+Bm1CDSNDKVtJ/YjwY7TUd5SkeLQLw==",
      "optional": true
    },
    "node_modules/hot-shots": {
      "version": "10.2.1",
      "resolved": "https://registry.npmjs.org/hot-shots/-/hot-shots-10.2.1.tgz",
      "integrity": "sha512-tmjcyZkG/qADhcdC7UjAp8D7v7W2DOYFgaZ48fYMuayMQmVVUg8fntKmrjes/b40ef6yZ+qt1lB8kuEDfLC4zw==",
      "license": "MIT",
      "engines": {
        "node": ">=10.0.0"
      },
      "optionalDependencies": {
        "unix-dgram": "2.x"
      }
    },
    "node_modules/import-in-the-middle": {
      "version": "3.0.0",
      "resolved": "https://registry.npmjs.org/import-in-the-middle/-/import-in-the-middle-3.0.0.tgz",
      "integrity": "sha512-OnGy+eYT7wVejH2XWgLRgbmzujhhVIATQH0ztIeRilwHBjTeG3pD+XnH3PKX0r9gJ0BuJmJ68q/oh9qgXnNDQg==",
      "license": "Apache-2.0",
      "dependencies": {
        "acorn": "^8.15.0",
        "acorn-import-attributes": "^1.9.5",
        "cjs-module-lexer": "^2.2.0",
        "module-details-from-path": "^1.0.4"
      },
      "engines": {
        "node": ">=18"
      }
    },
    "node_modules/js-yaml": {
      "version": "4.1.1",
      "resolved": "https://registry.npmjs.org/js-yaml/-/js-yaml-4.1.1.tgz",
      "integrity": "sha512-qQKT4zQxXl8lLwBtHMWwaTcGfFOZviOJet3Oy/xmGk2gZH677CJM9EvtfdSkgWcATZhj/55JZ0rmy3myCT5lsA==",
      "license": "MIT",
      "optional": true,
      "dependencies": {
        "argparse": "^2.0.1"
      },
      "bin": {
        "js-yaml": "bin/js-yaml.js"
      }
    },
    "node_modules/lru-cache": {
      "version": "7.18.3",
      "resolved": "https://registry.npmjs.org/lru-cache/-/lru-cache-7.18.3.tgz",
      "integrity": "sha512-jumlc0BIUrS3qJGgIkWZsyfAM7NCWiBcCDhnd+3NNM5KbBmLTgHVfWBcg6W+rLUsIpzpERPsvwUP7CckAQSOoA==",
      "license": "ISC",
      "optional": true,
      "engines": {
        "node": ">=12"
      }
    },
    "node_modules/module-details-from-path": {
      "version": "1.0.4",
      "resolved": "https://registry.npmjs.org/module-details-from-path/-/module-details-from-path-1.0.4.tgz",
      "integrity": "sha512-EGWKgxALGMgzvxYF1UyGTy0HXX/2vHLkw6+NvDKW2jypWbHpjQuj4UMcqQWXHERJhVGKikolT06G3bcKe4fi7w==",
      "license": "MIT"
    },
    "node_modules/nan": {
      "version": "2.17.0",
      "resolved": "https://registry.npmjs.org/nan/-/nan-2.17.0.tgz",
      "integrity": "sha512-2ZTgtl0nJsO0KQCjEpxcIr5D+Yv90plTitZt9JBfQvVJDS5seMl3FOvsh3+9CoYWXf/1l5OaZzzF6nDm4cagaQ==",
      "optional": true
    },
    "node_modules/node-addon-api": {
      "version": "6.1.0",
      "resolved": "https://registry.npmjs.org/node-addon-api/-/node-addon-api-6.1.0.tgz",
      "integrity": "sha512-+eawOlIgy680F0kBzPUNFhMZGtJ1YmqM6l4+Crf4IkImjYrO/mqPwRMh352g23uIaQKFItcQ64I7KMaJxHgAVA==",
      "license": "MIT",
      "optional": true
    },
    "node_modules/node-gyp-build": {
      "version": "3.9.0",
      "resolved": "https://registry.npmjs.org/node-gyp-build/-/node-gyp-build-3.9.0.tgz",
      "integrity": "sha512-zLcTg6P4AbcHPq465ZMFNXx7XpKKJh+7kkN699NiQWisR2uWYOWNWqRHAmbnmKiL4e9aLSlmy5U7rEMUXV59+A==",
      "license": "MIT",
      "optional": true,
      "bin": {
        "node-gyp-build": "bin.js",
        "node-gyp-build-optional": "optional.js",
        "node-gyp-build-test": "build-test.js"
      }
    },
    "node_modules/oxc-parser": {
      "version": "0.121.0",
      "resolved": "https://registry.npmjs.org/oxc-parser/-/oxc-parser-0.121.0.tgz",
      "integrity": "sha512-ek9o58+SCv6AV7nchiAcUJy1DNE2CC5WRdBcO0mF+W4oRjNQfPO7b3pLjTHSFECpHkKGOZSQxx3hk8viIL5YCg==",
      "license": "MIT",
      "optional": true,
      "dependencies": {
        "@oxc-project/types": "^0.121.0"
      },
      "engines": {
        "node": "^20.19.0 || >=22.12.0"
      },
      "funding": {
        "url": "https://github.com/sponsors/Boshen"
      },
      "optionalDependencies": {
        "@oxc-parser/binding-android-arm-eabi": "0.121.0",
        "@oxc-parser/binding-android-arm64": "0.121.0",
        "@oxc-parser/binding-darwin-arm64": "0.121.0",
        "@oxc-parser/binding-darwin-x64": "0.121.0",
        "@oxc-parser/binding-freebsd-x64": "0.121.0",
        "@oxc-parser/binding-linux-arm-gnueabihf": "0.121.0",
        "@oxc-parser/binding-linux-arm-musleabihf": "0.121.0",
        "@oxc-parser/binding-linux-arm64-gnu": "0.121.0",
        "@oxc-parser/binding-linux-arm64-musl": "0.121.0",
        "@oxc-parser/binding-linux-ppc64-gnu": "0.121.0",
        "@oxc-parser/binding-linux-riscv64-gnu": "0.121.0",
        "@oxc-parser/binding-linux-riscv64-musl": "0.121.0",
        "@oxc-parser/binding-linux-s390x-gnu": "0.121.0",
        "@oxc-parser/binding-linux-x64-gnu": "0.121.0",
        "@oxc-parser/binding-linux-x64-musl": "0.121.0",
        "@oxc-parser/binding-openharmony-arm64": "0.121.0",
        "@oxc-parser/binding-wasm32-wasi": "0.121.0",
        "@oxc-parser/binding-win32-arm64-msvc": "0.121.0",
        "@oxc-parser/binding-win32-ia32-msvc": "0.121.0",
        "@oxc-parser/binding-win32-x64-msvc": "0.121.0"
      }
    },
    "node_modules/pprof-format": {
      "version": "2.2.1",
      "resolved": "https://registry.npmjs.org/pprof-format/-/pprof-format-2.2.1.tgz",
      "integrity": "sha512-p4tVN7iK19ccDqQv8heyobzUmbHyds4N2FI6aBMcXz6y99MglTWDxIyhFkNaLeEXs6IFUEzT0zya0icbSLLY0g==",
      "license": "MIT",
      "optional": true
    },
    "node_modules/source-map": {
      "version": "0.7.6",
      "resolved": "https://registry.npmjs.org/source-map/-/source-map-0.7.6.tgz",
      "integrity": "sha512-i5uvt8C3ikiWeNZSVZNWcfZPItFQOsYTUAOkcUPGd8DqDy1uOUikjt5dG+uRlwyvR108Fb9DOd4GvXfT0N2/uQ==",
      "license": "BSD-3-Clause",
      "optional": true,
      "engines": {
        "node": ">= 12"
      }
    },
    "node_modules/spark-md5": {
      "version": "3.0.2",
      "resolved": "https://registry.npmjs.org/spark-md5/-/spark-md5-3.0.2.tgz",
      "integrity": "sha512-wcFzz9cDfbuqe0FZzfi2or1sgyIrsDwmPwfZC4hiNidPdPINjeUwNfv5kldczoEAcjl9Y1L3SM7Uz2PUEQzxQw==",
      "license": "(WTFPL OR MIT)",
      "optional": true
    },
    "node_modules/tslib": {
      "version": "2.8.1",
      "resolved": "https://registry.npmjs.org/tslib/-/tslib-2.8.1.tgz",
      "integrity": "sha512-oJFu94HQb+KVduSUQL7wnpmqnfmLsOA/nAh6b6EH0wCEoK0/mPeXU6c3wKDV83MkOuHPRHtSXKKU99IBazS/2w==",
      "license": "0BSD",
      "optional": true
    },
    "node_modules/unix-dgram": {
      "version": "2.0.6",
      "resolved": "https://registry.npmjs.org/unix-dgram/-/unix-dgram-2.0.6.tgz",
      "integrity": "sha512-AURroAsb73BZ6CdAyMrTk/hYKNj3DuYYEuOaB8bYMOHGKupRNScw90Q5C71tWJc3uE7dIeXRyuwN0xLLq3vDTg==",
      "hasInstallScript": true,
      "optional": true,
      "dependencies": {
        "bindings": "^1.5.0",
        "nan": "^2.16.0"
      },
      "engines": {
        "node": ">=0.10.48"
      }
    }
  }
}
